
Microsoft Visual Studio Solution File, Format Version 12.00
# Visual Studio Version 17
VisualStudioVersion = 17.8.34408.163
MinimumVisualStudioVersion = 10.0.40219.1
Project("{8BC9CEB8-8B4A-11D0-8D11-00A0C91BC942}") = "Project 3", "Project 3\Project 3.vcxproj", "{B00DEE8D-B64E-40B5-A693-D3BE7F29BAAB}"
EndProject
Global
	GlobalSection(SolutionConfigurationPlatforms) = preSolution
		Debug|x64 = Debug|x64
		Debug|x86 = Debug|x86
		Release|x64 = Release|x64
		Release|x86 = Release|x86
	EndGlobalSection
	GlobalSection(ProjectConfigurationPlatforms) = postSolution
		{B00DEE8D-B64E-40B5-A693-D3BE7F29BAAB}.Debug|x64.ActiveCfg = Debug|x64
		{B00DEE8D-B64E-40B5-A693-D3BE7F29BAAB}.Debug|x64.Build.0 = Debug|x64
		{B00DEE8D-B64E-40B5-A693-D3BE7F29BAAB}.Debug|x86.ActiveCfg = Debug|Win32
		{B00DEE8D-B64E-40B5-A693-D3BE7F29BAAB}.Debug|x86.Build.0 = Debug|Win32
		{B00DEE8D-B64E-40B5-A693-D3BE7F29BAAB}.Release|x64.ActiveCfg = Release|x64
		{B00DEE8D-B64E-40B5-A693-D3BE7F29BAAB}.Release|x64.Build.0 = Release|x64
		{B00DEE8D-B64E-40B5-A693-D3BE7F29BAAB}.Release|x86.ActiveCfg = Release|Win32
		{B00DEE8D-B64E-40B5-A693-D3BE7F29BAAB}.Release|x86.Build.0 = Release|Win32
	EndGlobalSection
	GlobalSection(SolutionProperties) = preSolution
		HideSolutionNode = FALSE
	EndGlobalSection
	GlobalSection(ExtensibilityGlobals) = postSolution
		SolutionGuid = {CA56E08B-6B8B-45C9-9573-797F00F1FC9A}
	EndGlobalSection
EndGlobal
